
Microsoft Visual Studio Solution File, Format Version 12.00
# Visual Studio Version 17
VisualStudioVersion = 17.11.35327.3
MinimumVisualStudioVersion = 10.0.40219.1
Project("{FAE04EC0-301F-11D3-BF4B-00C04F79EFBC}") = "WebApplication3", "WebApplication3\WebApplication3.csproj", "{332597EB-90A4-4279-8D41-260D6818A7B3}"
EndProject
Global
	GlobalSection(SolutionConfigurationPlatforms) = preSolution
		Debug|Any CPU = Debug|Any CPU
		Release|Any CPU = Release|Any CPU
	EndGlobalSection
	GlobalSection(ProjectConfigurationPlatforms) = postSolution
		{332597EB-90A4-4279-8D41-260D6818A7B3}.Debug|Any CPU.ActiveCfg = Debug|Any CPU
		{332597EB-90A4-4279-8D41-260D6818A7B3}.Debug|Any CPU.Build.0 = Debug|Any CPU
		{332597EB-90A4-4279-8D41-260D6818A7B3}.Release|Any CPU.ActiveCfg = Release|Any CPU
		{332597EB-90A4-4279-8D41-260D6818A7B3}.Release|Any CPU.Build.0 = Release|Any CPU
	EndGlobalSection
	GlobalSection(SolutionProperties) = preSolution
		HideSolutionNode = FALSE
	EndGlobalSection
	GlobalSection(ExtensibilityGlobals) = postSolution
		SolutionGuid = {020C3D8F-727D-4DFB-BD46-3037F61EC0C3}
	EndGlobalSection
EndGlobal
